// !$*UTF8*$!
{
	archiveVersion = 1;
	classes = {
	};
	objectVersion = 56;
	objects = {

/* Begin PBXBuildFile section */
		EB16F3E52B70DCB400BB1E18 /* TaskDetailsViewController.swift in Sources */ = {isa = PBXBuildFile; fileRef = EB16F3E42B70DCB400BB1E18 /* TaskDetailsViewController.swift */; };
		EB16F3E82B70ECF900BB1E18 /* CacheItems.swift in Sources */ = {isa = PBXBuildFile; fileRef = EB16F3E72B70ECF900BB1E18 /* CacheItems.swift */; };
		EB16F3EA2B71068C00BB1E18 /* AppConstants.swift in Sources */ = {isa = PBXBuildFile; fileRef = EB16F3E92B71068C00BB1E18 /* AppConstants.swift */; };
		EB3679A82B6AA4720015E5BD /* AppDelegate.swift in Sources */ = {isa = PBXBuildFile; fileRef = EB3679A72B6AA4720015E5BD /* AppDelegate.swift */; };
		EB3679AA2B6AA4720015E5BD /* SceneDelegate.swift in Sources */ = {isa = PBXBuildFile; fileRef = EB3679A92B6AA4720015E5BD /* SceneDelegate.swift */; };
		EB3679B12B6AA4730015E5BD /* Assets.xcassets in Resources */ = {isa = PBXBuildFile; fileRef = EB3679B02B6AA4730015E5BD /* Assets.xcassets */; };
		EB3679C32B6AA5D20015E5BD /* SplashScreenViewController.swift in Sources */ = {isa = PBXBuildFile; fileRef = EB3679C22B6AA5D20015E5BD /* SplashScreenViewController.swift */; };
		EB5888FB2B6BBB7E00F679C5 /* ImageEnums.swift in Sources */ = {isa = PBXBuildFile; fileRef = EB5888FA2B6BBB7E00F679C5 /* ImageEnums.swift */; };
		EB5889002B6BBBE500F679C5 /* ImageSize.swift in Sources */ = {isa = PBXBuildFile; fileRef = EB5888FF2B6BBBE500F679C5 /* ImageSize.swift */; };
		EB5889032B6C087A00F679C5 /* HomeScreenViewController.swift in Sources */ = {isa = PBXBuildFile; fileRef = EB5889022B6C087A00F679C5 /* HomeScreenViewController.swift */; };
		EB5889072B6C0FC800F679C5 /* NetworkManager.swift in Sources */ = {isa = PBXBuildFile; fileRef = EB5889062B6C0FC800F679C5 /* NetworkManager.swift */; };
		EB58890D2B6C162A00F679C5 /* Endpoint.swift in Sources */ = {isa = PBXBuildFile; fileRef = EB58890C2B6C162A00F679C5 /* Endpoint.swift */; };
		EB5889102B6C1D7700F679C5 /* TaskModel.swift in Sources */ = {isa = PBXBuildFile; fileRef = EB58890F2B6C1D7700F679C5 /* TaskModel.swift */; };
		EB5889132B6C237D00F679C5 /* UIColor+Extension.swift in Sources */ = {isa = PBXBuildFile; fileRef = EB5889122B6C237D00F679C5 /* UIColor+Extension.swift */; };
		EB5889162B6C274B00F679C5 /* TaskItemView.swift in Sources */ = {isa = PBXBuildFile; fileRef = EB5889152B6C274B00F679C5 /* TaskItemView.swift */; };
		EB5889192B6C280600F679C5 /* HomeScreenViewModel.swift in Sources */ = {isa = PBXBuildFile; fileRef = EB5889182B6C280600F679C5 /* HomeScreenViewModel.swift */; };
		EB58891D2B6C462C00F679C5 /* NetworkConstants.swift in Sources */ = {isa = PBXBuildFile; fileRef = EB58891C2B6C462C00F679C5 /* NetworkConstants.swift */; };
		EB58891F2B6C470C00F679C5 /* LoginConstants.swift in Sources */ = {isa = PBXBuildFile; fileRef = EB58891E2B6C470C00F679C5 /* LoginConstants.swift */; };
		EB5889222B6C4B2100F679C5 /* CellIdentifiers.swift in Sources */ = {isa = PBXBuildFile; fileRef = EB5889212B6C4B2100F679C5 /* CellIdentifiers.swift */; };
		EB5889242B6C4C3200F679C5 /* SpaceSize.swift in Sources */ = {isa = PBXBuildFile; fileRef = EB5889232B6C4C3200F679C5 /* SpaceSize.swift */; };
		EB5889282B6C4E1600F679C5 /* ThemeFont.swift in Sources */ = {isa = PBXBuildFile; fileRef = EB5889272B6C4E1600F679C5 /* ThemeFont.swift */; };
		EB58892A2B6C4E3500F679C5 /* Theme.swift in Sources */ = {isa = PBXBuildFile; fileRef = EB5889292B6C4E3500F679C5 /* Theme.swift */; };
		EB58892C2B6C4ED100F679C5 /* FontSize.swift in Sources */ = {isa = PBXBuildFile; fileRef = EB58892B2B6C4ED100F679C5 /* FontSize.swift */; };
		EB58892E2B6C57E600F679C5 /* UIFont+Extension.swift in Sources */ = {isa = PBXBuildFile; fileRef = EB58892D2B6C57E600F679C5 /* UIFont+Extension.swift */; };
		EB75FCA72B6ECEE400299C13 /* TableView+Extension.swift in Sources */ = {isa = PBXBuildFile; fileRef = EB75FCA62B6ECEE400299C13 /* TableView+Extension.swift */; };
		EB75FCAA2B6ECF6200299C13 /* SearchBar+Extension.swift in Sources */ = {isa = PBXBuildFile; fileRef = EB75FCA92B6ECF6200299C13 /* SearchBar+Extension.swift */; };
		EB8E02DD2B6FDBFE0056182B /* TaskItemDetailViewComponents.swift in Sources */ = {isa = PBXBuildFile; fileRef = EB8E02DC2B6FDBFE0056182B /* TaskItemDetailViewComponents.swift */; };
/* End PBXBuildFile section */

/* Begin PBXFileReference section */
		EB16F3E42B70DCB400BB1E18 /* TaskDetailsViewController.swift */ = {isa = PBXFileReference; lastKnownFileType = sourcecode.swift; path = TaskDetailsViewController.swift; sourceTree = "<group>"; };
		EB16F3E72B70ECF900BB1E18 /* CacheItems.swift */ = {isa = PBXFileReference; lastKnownFileType = sourcecode.swift; path = CacheItems.swift; sourceTree = "<group>"; };
		EB16F3E92B71068C00BB1E18 /* AppConstants.swift */ = {isa = PBXFileReference; lastKnownFileType = sourcecode.swift; path = AppConstants.swift; sourceTree = "<group>"; };
		EB3679A42B6AA4720015E5BD /* ios-task.app */ = {isa = PBXFileReference; explicitFileType = wrapper.application; includeInIndex = 0; path = "ios-task.app"; sourceTree = BUILT_PRODUCTS_DIR; };
		EB3679A72B6AA4720015E5BD /* AppDelegate.swift */ = {isa = PBXFileReference; lastKnownFileType = sourcecode.swift; path = AppDelegate.swift; sourceTree = "<group>"; };
		EB3679A92B6AA4720015E5BD /* SceneDelegate.swift */ = {isa = PBXFileReference; lastKnownFileType = sourcecode.swift; path = SceneDelegate.swift; sourceTree = "<group>"; };
		EB3679B02B6AA4730015E5BD /* Assets.xcassets */ = {isa = PBXFileReference; lastKnownFileType = folder.assetcatalog; path = Assets.xcassets; sourceTree = "<group>"; };
		EB3679B52B6AA4730015E5BD /* Info.plist */ = {isa = PBXFileReference; lastKnownFileType = text.plist.xml; path = Info.plist; sourceTree = "<group>"; };
		EB3679C22B6AA5D20015E5BD /* SplashScreenViewController.swift */ = {isa = PBXFileReference; lastKnownFileType = sourcecode.swift; path = SplashScreenViewController.swift; sourceTree = "<group>"; };
		EB5888FA2B6BBB7E00F679C5 /* ImageEnums.swift */ = {isa = PBXFileReference; lastKnownFileType = sourcecode.swift; path = ImageEnums.swift; sourceTree = "<group>"; };
		EB5888FF2B6BBBE500F679C5 /* ImageSize.swift */ = {isa = PBXFileReference; lastKnownFileType = sourcecode.swift; path = ImageSize.swift; sourceTree = "<group>"; };
		EB5889022B6C087A00F679C5 /* HomeScreenViewController.swift */ = {isa = PBXFileReference; lastKnownFileType = sourcecode.swift; path = HomeScreenViewController.swift; sourceTree = "<group>"; };
		EB5889062B6C0FC800F679C5 /* NetworkManager.swift */ = {isa = PBXFileReference; lastKnownFileType = sourcecode.swift; path = NetworkManager.swift; sourceTree = "<group>"; };
		EB58890C2B6C162A00F679C5 /* Endpoint.swift */ = {isa = PBXFileReference; lastKnownFileType = sourcecode.swift; path = Endpoint.swift; sourceTree = "<group>"; };
		EB58890F2B6C1D7700F679C5 /* TaskModel.swift */ = {isa = PBXFileReference; lastKnownFileType = sourcecode.swift; path = TaskModel.swift; sourceTree = "<group>"; };
		EB5889122B6C237D00F679C5 /* UIColor+Extension.swift */ = {isa = PBXFileReference; lastKnownFileType = sourcecode.swift; path = "UIColor+Extension.swift"; sourceTree = "<group>"; };
		EB5889152B6C274B00F679C5 /* TaskItemView.swift */ = {isa = PBXFileReference; lastKnownFileType = sourcecode.swift; path = TaskItemView.swift; sourceTree = "<group>"; };
		EB5889182B6C280600F679C5 /* HomeScreenViewModel.swift */ = {isa = PBXFileReference; lastKnownFileType = sourcecode.swift; path = HomeScreenViewModel.swift; sourceTree = "<group>"; };
		EB58891C2B6C462C00F679C5 /* NetworkConstants.swift */ = {isa = PBXFileReference; lastKnownFileType = sourcecode.swift; path = NetworkConstants.swift; sourceTree = "<group>"; };
		EB58891E2B6C470C00F679C5 /* LoginConstants.swift */ = {isa = PBXFileReference; lastKnownFileType = sourcecode.swift; path = LoginConstants.swift; sourceTree = "<group>"; };
		EB5889212B6C4B2100F679C5 /* CellIdentifiers.swift */ = {isa = PBXFileReference; lastKnownFileType = sourcecode.swift; path = CellIdentifiers.swift; sourceTree = "<group>"; };
		EB5889232B6C4C3200F679C5 /* SpaceSize.swift */ = {isa = PBXFileReference; lastKnownFileType = sourcecode.swift; path = SpaceSize.swift; sourceTree = "<group>"; };
		EB5889272B6C4E1600F679C5 /* ThemeFont.swift */ = {isa = PBXFileReference; lastKnownFileType = sourcecode.swift; path = ThemeFont.swift; sourceTree = "<group>"; };
		EB5889292B6C4E3500F679C5 /* Theme.swift */ = {isa = PBXFileReference; lastKnownFileType = sourcecode.swift; path = Theme.swift; sourceTree = "<group>"; };
		EB58892B2B6C4ED100F679C5 /* FontSize.swift */ = {isa = PBXFileReference; lastKnownFileType = sourcecode.swift; path = FontSize.swift; sourceTree = "<group>"; };
		EB58892D2B6C57E600F679C5 /* UIFont+Extension.swift */ = {isa = PBXFileReference; lastKnownFileType = sourcecode.swift; path = "UIFont+Extension.swift"; sourceTree = "<group>"; };
		EB75FCA62B6ECEE400299C13 /* TableView+Extension.swift */ = {isa = PBXFileReference; lastKnownFileType = sourcecode.swift; path = "TableView+Extension.swift"; sourceTree = "<group>"; };
		EB75FCA92B6ECF6200299C13 /* SearchBar+Extension.swift */ = {isa = PBXFileReference; lastKnownFileType = sourcecode.swift; path = "SearchBar+Extension.swift"; sourceTree = "<group>"; };
		EB8E02DC2B6FDBFE0056182B /* TaskItemDetailViewComponents.swift */ = {isa = PBXFileReference; lastKnownFileType = sourcecode.swift; path = TaskItemDetailViewComponents.swift; sourceTree = "<group>"; };
/* End PBXFileReference section */

/* Begin PBXFrameworksBuildPhase section */
		EB3679A12B6AA4720015E5BD /* Frameworks */ = {
			isa = PBXFrameworksBuildPhase;
			buildActionMask = 2147483647;
			files = (
			);
			runOnlyForDeploymentPostprocessing = 0;
		};
/* End PBXFrameworksBuildPhase section */

/* Begin PBXGroup section */
		EB16F3E62B70ECEC00BB1E18 /* Enum */ = {
			isa = PBXGroup;
			children = (
				EB16F3E72B70ECF900BB1E18 /* CacheItems.swift */,
			);
			path = Enum;
			sourceTree = "<group>";
		};
		EB36799B2B6AA4720015E5BD = {
			isa = PBXGroup;
			children = (
				EB3679A62B6AA4720015E5BD /* ios-task */,
				EB3679A52B6AA4720015E5BD /* Products */,
			);
			sourceTree = "<group>";
		};
		EB3679A52B6AA4720015E5BD /* Products */ = {
			isa = PBXGroup;
			children = (
				EB3679A42B6AA4720015E5BD /* ios-task.app */,
			);
			name = Products;
			sourceTree = "<group>";
		};
		EB3679A62B6AA4720015E5BD /* ios-task */ = {
			isa = PBXGroup;
			children = (
				EB3679BB2B6AA47D0015E5BD /* Core */,
				EB3679BD2B6AA48F0015E5BD /* Feature */,
				EB3679BC2B6AA4870015E5BD /* Product */,
			);
			path = "ios-task";
			sourceTree = "<group>";
		};
		EB3679BB2B6AA47D0015E5BD /* Core */ = {
			isa = PBXGroup;
			children = (
				EB16F3E62B70ECEC00BB1E18 /* Enum */,
				EB5889252B6C4DF300F679C5 /* Init */,
				EB58891B2B6C461900F679C5 /* Constants */,
				EB5889112B6C236D00F679C5 /* Extensions */,
				EB5889052B6C0FB800F679C5 /* Service */,
				EB3679BE2B6AA49B0015E5BD /* Supported */,
			);
			path = Core;
			sourceTree = "<group>";
		};
		EB3679BC2B6AA4870015E5BD /* Product */ = {
			isa = PBXGroup;
			children = (
				EB8E02DB2B6FDBDB0056182B /* Components */,
				EB75FCAB2B6EF80F00299C13 /* Extensions */,
				EB5888F92B6BBB7000F679C5 /* Enums */,
			);
			path = Product;
			sourceTree = "<group>";
		};
		EB3679BD2B6AA48F0015E5BD /* Feature */ = {
			isa = PBXGroup;
			children = (
				EB5889012B6C086000F679C5 /* Home */,
				EB3679BF2B6AA5B40015E5BD /* Splash */,
			);
			path = Feature;
			sourceTree = "<group>";
		};
		EB3679BE2B6AA49B0015E5BD /* Supported */ = {
			isa = PBXGroup;
			children = (
				EB3679A72B6AA4720015E5BD /* AppDelegate.swift */,
				EB3679A92B6AA4720015E5BD /* SceneDelegate.swift */,
				EB3679B02B6AA4730015E5BD /* Assets.xcassets */,
				EB3679B52B6AA4730015E5BD /* Info.plist */,
			);
			path = Supported;
			sourceTree = "<group>";
		};
		EB3679BF2B6AA5B40015E5BD /* Splash */ = {
			isa = PBXGroup;
			children = (
				EB3679C22B6AA5D20015E5BD /* SplashScreenViewController.swift */,
			);
			path = Splash;
			sourceTree = "<group>";
		};
		EB5888F92B6BBB7000F679C5 /* Enums */ = {
			isa = PBXGroup;
			children = (
				EB5889202B6C4B0600F679C5 /* CellIdentifiers */,
				EB5888FD2B6BBB9800F679C5 /* Path */,
				EB5888FE2B6BBB9E00F679C5 /* Size */,
			);
			path = Enums;
			sourceTree = "<group>";
		};
		EB5888FD2B6BBB9800F679C5 /* Path */ = {
			isa = PBXGroup;
			children = (
				EB5888FA2B6BBB7E00F679C5 /* ImageEnums.swift */,
			);
			path = Path;
			sourceTree = "<group>";
		};
		EB5888FE2B6BBB9E00F679C5 /* Size */ = {
			isa = PBXGroup;
			children = (
				EB5888FF2B6BBBE500F679C5 /* ImageSize.swift */,
				EB5889232B6C4C3200F679C5 /* SpaceSize.swift */,
				EB58892B2B6C4ED100F679C5 /* FontSize.swift */,
			);
			path = Size;
			sourceTree = "<group>";
		};
		EB5889012B6C086000F679C5 /* Home */ = {
			isa = PBXGroup;
			children = (
				EB5889172B6C27F600F679C5 /* ViewModel */,
				EB5889142B6C272700F679C5 /* View */,
				EB58890E2B6C1D6600F679C5 /* Model */,
			);
			path = Home;
			sourceTree = "<group>";
		};
		EB5889052B6C0FB800F679C5 /* Service */ = {
			isa = PBXGroup;
			children = (
				EB5889062B6C0FC800F679C5 /* NetworkManager.swift */,
				EB58890C2B6C162A00F679C5 /* Endpoint.swift */,
			);
			path = Service;
			sourceTree = "<group>";
		};
		EB58890E2B6C1D6600F679C5 /* Model */ = {
			isa = PBXGroup;
			children = (
				EB58890F2B6C1D7700F679C5 /* TaskModel.swift */,
			);
			path = Model;
			sourceTree = "<group>";
		};
		EB5889112B6C236D00F679C5 /* Extensions */ = {
			isa = PBXGroup;
			children = (
				EB5889122B6C237D00F679C5 /* UIColor+Extension.swift */,
				EB58892D2B6C57E600F679C5 /* UIFont+Extension.swift */,
			);
			path = Extensions;
			sourceTree = "<group>";
		};
		EB5889142B6C272700F679C5 /* View */ = {
			isa = PBXGroup;
			children = (
				EB5889022B6C087A00F679C5 /* HomeScreenViewController.swift */,
				EB5889152B6C274B00F679C5 /* TaskItemView.swift */,
				EB16F3E42B70DCB400BB1E18 /* TaskDetailsViewController.swift */,
			);
			path = View;
			sourceTree = "<group>";
		};
		EB5889172B6C27F600F679C5 /* ViewModel */ = {
			isa = PBXGroup;
			children = (
				EB5889182B6C280600F679C5 /* HomeScreenViewModel.swift */,
			);
			path = ViewModel;
			sourceTree = "<group>";
		};
		EB58891B2B6C461900F679C5 /* Constants */ = {
			isa = PBXGroup;
			children = (
				EB58891C2B6C462C00F679C5 /* NetworkConstants.swift */,
				EB58891E2B6C470C00F679C5 /* LoginConstants.swift */,
				EB16F3E92B71068C00BB1E18 /* AppConstants.swift */,
			);
			path = Constants;
			sourceTree = "<group>";
		};
		EB5889202B6C4B0600F679C5 /* CellIdentifiers */ = {
			isa = PBXGroup;
			children = (
				EB5889212B6C4B2100F679C5 /* CellIdentifiers.swift */,
			);
			path = CellIdentifiers;
			sourceTree = "<group>";
		};
		EB5889252B6C4DF300F679C5 /* Init */ = {
			isa = PBXGroup;
			children = (
				EB5889262B6C4DFA00F679C5 /* Theme */,
			);
			path = Init;
			sourceTree = "<group>";
		};
		EB5889262B6C4DFA00F679C5 /* Theme */ = {
			isa = PBXGroup;
			children = (
				EB5889272B6C4E1600F679C5 /* ThemeFont.swift */,
				EB5889292B6C4E3500F679C5 /* Theme.swift */,
			);
			path = Theme;
			sourceTree = "<group>";
		};
		EB75FCA82B6ECF2900299C13 /* Home */ = {
			isa = PBXGroup;
			children = (
				EB75FCA62B6ECEE400299C13 /* TableView+Extension.swift */,
				EB75FCA92B6ECF6200299C13 /* SearchBar+Extension.swift */,
			);
			path = Home;
			sourceTree = "<group>";
		};
		EB75FCAB2B6EF80F00299C13 /* Extensions */ = {
			isa = PBXGroup;
			children = (
				EB75FCA82B6ECF2900299C13 /* Home */,
			);
			path = Extensions;
			sourceTree = "<group>";
		};
		EB8E02DB2B6FDBDB0056182B /* Components */ = {
			isa = PBXGroup;
			children = (
				EB8E02DC2B6FDBFE0056182B /* TaskItemDetailViewComponents.swift */,
			);
			path = Components;
			sourceTree = "<group>";
		};
/* End PBXGroup section */

/* Begin PBXNativeTarget section */
		EB3679A32B6AA4720015E5BD /* ios-task */ = {
			isa = PBXNativeTarget;
			buildConfigurationList = EB3679B82B6AA4730015E5BD /* Build configuration list for PBXNativeTarget "ios-task" */;
			buildPhases = (
				EB3679A02B6AA4720015E5BD /* Sources */,
				EB3679A12B6AA4720015E5BD /* Frameworks */,
				EB3679A22B6AA4720015E5BD /* Resources */,
			);
			buildRules = (
			);
			dependencies = (
			);
			name = "ios-task";
			productName = "ios-task";
			productReference = EB3679A42B6AA4720015E5BD /* ios-task.app */;
			productType = "com.apple.product-type.application";
		};
/* End PBXNativeTarget section */

/* Begin PBXProject section */
		EB36799C2B6AA4720015E5BD /* Project object */ = {
			isa = PBXProject;
			attributes = {
				BuildIndependentTargetsInParallel = 1;
				LastSwiftUpdateCheck = 1520;
				LastUpgradeCheck = 1520;
				TargetAttributes = {
					EB3679A32B6AA4720015E5BD = {
						CreatedOnToolsVersion = 15.2;
					};
				};
			};
			buildConfigurationList = EB36799F2B6AA4720015E5BD /* Build configuration list for PBXProject "ios-task" */;
			compatibilityVersion = "Xcode 14.0";
			developmentRegion = en;
			hasScannedForEncodings = 0;
			knownRegions = (
				en,
				Base,
			);
			mainGroup = EB36799B2B6AA4720015E5BD;
			productRefGroup = EB3679A52B6AA4720015E5BD /* Products */;
			projectDirPath = "";
			projectRoot = "";
			targets = (
				EB3679A32B6AA4720015E5BD /* ios-task */,
			);
		};
/* End PBXProject section */

/* Begin PBXResourcesBuildPhase section */
		EB3679A22B6AA4720015E5BD /* Resources */ = {
			isa = PBXResourcesBuildPhase;
			buildActionMask = 2147483647;
			files = (
				EB3679B12B6AA4730015E5BD /* Assets.xcassets in Resources */,
			);
			runOnlyForDeploymentPostprocessing = 0;
		};
/* End PBXResourcesBuildPhase section */

/* Begin PBXSourcesBuildPhase section */
		EB3679A02B6AA4720015E5BD /* Sources */ = {
			isa = PBXSourcesBuildPhase;
			buildActionMask = 2147483647;
			files = (
				EB5888FB2B6BBB7E00F679C5 /* ImageEnums.swift in Sources */,
				EB5889242B6C4C3200F679C5 /* SpaceSize.swift in Sources */,
				EB58892C2B6C4ED100F679C5 /* FontSize.swift in Sources */,
				EB75FCA72B6ECEE400299C13 /* TableView+Extension.swift in Sources */,
				EB5889192B6C280600F679C5 /* HomeScreenViewModel.swift in Sources */,
				EB3679A82B6AA4720015E5BD /* AppDelegate.swift in Sources */,
				EB58890D2B6C162A00F679C5 /* Endpoint.swift in Sources */,
				EB5889102B6C1D7700F679C5 /* TaskModel.swift in Sources */,
				EB5889162B6C274B00F679C5 /* TaskItemView.swift in Sources */,
				EB3679AA2B6AA4720015E5BD /* SceneDelegate.swift in Sources */,
				EB16F3E52B70DCB400BB1E18 /* TaskDetailsViewController.swift in Sources */,
				EB5889072B6C0FC800F679C5 /* NetworkManager.swift in Sources */,
				EB16F3E82B70ECF900BB1E18 /* CacheItems.swift in Sources */,
				EB58892A2B6C4E3500F679C5 /* Theme.swift in Sources */,
				EB5889002B6BBBE500F679C5 /* ImageSize.swift in Sources */,
				EB75FCAA2B6ECF6200299C13 /* SearchBar+Extension.swift in Sources */,
				EB5889222B6C4B2100F679C5 /* CellIdentifiers.swift in Sources */,
				EB3679C32B6AA5D20015E5BD /* SplashScreenViewController.swift in Sources */,
				EB5889282B6C4E1600F679C5 /* ThemeFont.swift in Sources */,
				EB58891D2B6C462C00F679C5 /* NetworkConstants.swift in Sources */,
				EB5889032B6C087A00F679C5 /* HomeScreenViewController.swift in Sources */,
				EB5889132B6C237D00F679C5 /* UIColor+Extension.swift in Sources */,
				EB58892E2B6C57E600F679C5 /* UIFont+Extension.swift in Sources */,
				EB16F3EA2B71068C00BB1E18 /* AppConstants.swift in Sources */,
				EB58891F2B6C470C00F679C5 /* LoginConstants.swift in Sources */,
				EB8E02DD2B6FDBFE0056182B /* TaskItemDetailViewComponents.swift in Sources */,
			);
			runOnlyForDeploymentPostprocessing = 0;
		};
/* End PBXSourcesBuildPhase section */

/* Begin XCBuildConfiguration section */
		EB3679B62B6AA4730015E5BD /* Debug */ = {
			isa = XCBuildConfiguration;
			buildSettings = {
				ALWAYS_SEARCH_USER_PATHS = NO;
				ASSETCATALOG_COMPILER_GENERATE_SWIFT_ASSET_SYMBOL_EXTENSIONS = YES;
				CLANG_ANALYZER_NONNULL = YES;
				CLANG_ANALYZER_NUMBER_OBJECT_CONVERSION = YES_AGGRESSIVE;
				CLANG_CXX_LANGUAGE_STANDARD = "gnu++20";
				CLANG_ENABLE_MODULES = YES;
				CLANG_ENABLE_OBJC_ARC = YES;
				CLANG_ENABLE_OBJC_WEAK = YES;
				CLANG_WARN_BLOCK_CAPTURE_AUTORELEASING = YES;
				CLANG_WARN_BOOL_CONVERSION = YES;
				CLANG_WARN_COMMA = YES;
				CLANG_WARN_CONSTANT_CONVERSION = YES;
				CLANG_WARN_DEPRECATED_OBJC_IMPLEMENTATIONS = YES;
				CLANG_WARN_DIRECT_OBJC_ISA_USAGE = YES_ERROR;
				CLANG_WARN_DOCUMENTATION_COMMENTS = YES;
				CLANG_WARN_EMPTY_BODY = YES;
				CLANG_WARN_ENUM_CONVERSION = YES;
				CLANG_WARN_INFINITE_RECURSION = YES;
				CLANG_WARN_INT_CONVERSION = YES;
				CLANG_WARN_NON_LITERAL_NULL_CONVERSION = YES;
				CLANG_WARN_OBJC_IMPLICIT_RETAIN_SELF = YES;
				CLANG_WARN_OBJC_LITERAL_CONVERSION = YES;
				CLANG_WARN_OBJC_ROOT_CLASS = YES_ERROR;
				CLANG_WARN_QUOTED_INCLUDE_IN_FRAMEWORK_HEADER = YES;
				CLANG_WARN_RANGE_LOOP_ANALYSIS = YES;
				CLANG_WARN_STRICT_PROTOTYPES = YES;
				CLANG_WARN_SUSPICIOUS_MOVE = YES;
				CLANG_WARN_UNGUARDED_AVAILABILITY = YES_AGGRESSIVE;
				CLANG_WARN_UNREACHABLE_CODE = YES;
				CLANG_WARN__DUPLICATE_METHOD_MATCH = YES;
				COPY_PHASE_STRIP = NO;
				DEBUG_INFORMATION_FORMAT = dwarf;
				ENABLE_STRICT_OBJC_MSGSEND = YES;
				ENABLE_TESTABILITY = YES;
				ENABLE_USER_SCRIPT_SANDBOXING = YES;
				GCC_C_LANGUAGE_STANDARD = gnu17;
				GCC_DYNAMIC_NO_PIC = NO;
				GCC_NO_COMMON_BLOCKS = YES;
				GCC_OPTIMIZATION_LEVEL = 0;
				GCC_PREPROCESSOR_DEFINITIONS = (
					"DEBUG=1",
					"$(inherited)",
				);
				GCC_WARN_64_TO_32_BIT_CONVERSION = YES;
				GCC_WARN_ABOUT_RETURN_TYPE = YES_ERROR;
				GCC_WARN_UNDECLARED_SELECTOR = YES;
				GCC_WARN_UNINITIALIZED_AUTOS = YES_AGGRESSIVE;
				GCC_WARN_UNUSED_FUNCTION = YES;
				GCC_WARN_UNUSED_VARIABLE = YES;
				IPHONEOS_DEPLOYMENT_TARGET = 17.2;
				LOCALIZATION_PREFERS_STRING_CATALOGS = YES;
				MTL_ENABLE_DEBUG_INFO = INCLUDE_SOURCE;
				MTL_FAST_MATH = YES;
				ONLY_ACTIVE_ARCH = YES;
				SDKROOT = iphoneos;
				SWIFT_ACTIVE_COMPILATION_CONDITIONS = "DEBUG $(inherited)";
				SWIFT_OPTIMIZATION_LEVEL = "-Onone";
			};
			name = Debug;
		};
		EB3679B72B6AA4730015E5BD /* Release */ = {
			isa = XCBuildConfiguration;
			buildSettings = {
				ALWAYS_SEARCH_USER_PATHS = NO;
				ASSETCATALOG_COMPILER_GENERATE_SWIFT_ASSET_SYMBOL_EXTENSIONS = YES;
				CLANG_ANALYZER_NONNULL = YES;
				CLANG_ANALYZER_NUMBER_OBJECT_CONVERSION = YES_AGGRESSIVE;
				CLANG_CXX_LANGUAGE_STANDARD = "gnu++20";
				CLANG_ENABLE_MODULES = YES;
				CLANG_ENABLE_OBJC_ARC = YES;
				CLANG_ENABLE_OBJC_WEAK = YES;
				CLANG_WARN_BLOCK_CAPTURE_AUTORELEASING = YES;
				CLANG_WARN_BOOL_CONVERSION = YES;
				CLANG_WARN_COMMA = YES;
				CLANG_WARN_CONSTANT_CONVERSION = YES;
				CLANG_WARN_DEPRECATED_OBJC_IMPLEMENTATIONS = YES;
				CLANG_WARN_DIRECT_OBJC_ISA_USAGE = YES_ERROR;
				CLANG_WARN_DOCUMENTATION_COMMENTS = YES;
				CLANG_WARN_EMPTY_BODY = YES;
				CLANG_WARN_ENUM_CONVERSION = YES;
				CLANG_WARN_INFINITE_RECURSION = YES;
				CLANG_WARN_INT_CONVERSION = YES;
				CLANG_WARN_NON_LITERAL_NULL_CONVERSION = YES;
				CLANG_WARN_OBJC_IMPLICIT_RETAIN_SELF = YES;
				CLANG_WARN_OBJC_LITERAL_CONVERSION = YES;
				CLANG_WARN_OBJC_ROOT_CLASS = YES_ERROR;
				CLANG_WARN_QUOTED_INCLUDE_IN_FRAMEWORK_HEADER = YES;
				CLANG_WARN_RANGE_LOOP_ANALYSIS = YES;
				CLANG_WARN_STRICT_PROTOTYPES = YES;
				CLANG_WARN_SUSPICIOUS_MOVE = YES;
				CLANG_WARN_UNGUARDED_AVAILABILITY = YES_AGGRESSIVE;
				CLANG_WARN_UNREACHABLE_CODE = YES;
				CLANG_WARN__DUPLICATE_METHOD_MATCH = YES;
				COPY_PHASE_STRIP = NO;
				DEBUG_INFORMATION_FORMAT = "dwarf-with-dsym";
				ENABLE_NS_ASSERTIONS = NO;
				ENABLE_STRICT_OBJC_MSGSEND = YES;
				ENABLE_USER_SCRIPT_SANDBOXING = YES;
				GCC_C_LANGUAGE_STANDARD = gnu17;
				GCC_NO_COMMON_BLOCKS = YES;
				GCC_WARN_64_TO_32_BIT_CONVERSION = YES;
				GCC_WARN_ABOUT_RETURN_TYPE = YES_ERROR;
				GCC_WARN_UNDECLARED_SELECTOR = YES;
				GCC_WARN_UNINITIALIZED_AUTOS = YES_AGGRESSIVE;
				GCC_WARN_UNUSED_FUNCTION = YES;
				GCC_WARN_UNUSED_VARIABLE = YES;
				IPHONEOS_DEPLOYMENT_TARGET = 17.2;
				LOCALIZATION_PREFERS_STRING_CATALOGS = YES;
				MTL_ENABLE_DEBUG_INFO = NO;
				MTL_FAST_MATH = YES;
				SDKROOT = iphoneos;
				SWIFT_COMPILATION_MODE = wholemodule;
				VALIDATE_PRODUCT = YES;
			};
			name = Release;
		};
		EB3679B92B6AA4730015E5BD /* Debug */ = {
			isa = XCBuildConfiguration;
			buildSettings = {
				ASSETCATALOG_COMPILER_APPICON_NAME = AppIcon;
				ASSETCATALOG_COMPILER_GLOBAL_ACCENT_COLOR_NAME = AccentColor;
				CODE_SIGN_STYLE = Automatic;
				CURRENT_PROJECT_VERSION = 1;
				DEVELOPMENT_TEAM = SURBTN8MP7;
				GENERATE_INFOPLIST_FILE = YES;
				INFOPLIST_FILE = "ios-task/Core/Supported/Info.plist";
				INFOPLIST_KEY_UIApplicationSupportsIndirectInputEvents = YES;
				INFOPLIST_KEY_UILaunchStoryboardName = LaunchScreen;
				INFOPLIST_KEY_UISupportedInterfaceOrientations_iPad = "UIInterfaceOrientationPortrait UIInterfaceOrientationPortraitUpsideDown UIInterfaceOrientationLandscapeLeft UIInterfaceOrientationLandscapeRight";
				INFOPLIST_KEY_UISupportedInterfaceOrientations_iPhone = "UIInterfaceOrientationPortrait UIInterfaceOrientationLandscapeLeft UIInterfaceOrientationLandscapeRight";
				LD_RUNPATH_SEARCH_PATHS = (
					"$(inherited)",
					"@executable_path/Frameworks",
				);
				MARKETING_VERSION = 1.0;
				PRODUCT_BUNDLE_IDENTIFIER = "com.okanorkun.ios-task";
				PRODUCT_NAME = "$(TARGET_NAME)";
				SWIFT_EMIT_LOC_STRINGS = YES;
				SWIFT_VERSION = 5.0;
				TARGETED_DEVICE_FAMILY = "1,2";
			};
			name = Debug;
		};
		EB3679BA2B6AA4730015E5BD /* Release */ = {
			isa = XCBuildConfiguration;
			buildSettings = {
				ASSETCATALOG_COMPILER_APPICON_NAME = AppIcon;
				ASSETCATALOG_COMPILER_GLOBAL_ACCENT_COLOR_NAME = AccentColor;
				CODE_SIGN_STYLE = Automatic;
				CURRENT_PROJECT_VERSION = 1;
				DEVELOPMENT_TEAM = SURBTN8MP7;
				GENERATE_INFOPLIST_FILE = YES;
				INFOPLIST_FILE = "ios-task/Core/Supported/Info.plist";
				INFOPLIST_KEY_UIApplicationSupportsIndirectInputEvents = YES;
				INFOPLIST_KEY_UILaunchStoryboardName = LaunchScreen;
				INFOPLIST_KEY_UISupportedInterfaceOrientations_iPad = "UIInterfaceOrientationPortrait UIInterfaceOrientationPortraitUpsideDown UIInterfaceOrientationLandscapeLeft UIInterfaceOrientationLandscapeRight";
				INFOPLIST_KEY_UISupportedInterfaceOrientations_iPhone = "UIInterfaceOrientationPortrait UIInterfaceOrientationLandscapeLeft UIInterfaceOrientationLandscapeRight";
				LD_RUNPATH_SEARCH_PATHS = (
					"$(inherited)",
					"@executable_path/Frameworks",
				);
				MARKETING_VERSION = 1.0;
				PRODUCT_BUNDLE_IDENTIFIER = "com.okanorkun.ios-task";
				PRODUCT_NAME = "$(TARGET_NAME)";
				SWIFT_EMIT_LOC_STRINGS = YES;
				SWIFT_VERSION = 5.0;
				TARGETED_DEVICE_FAMILY = "1,2";
			};
			name = Release;
		};
/* End XCBuildConfiguration section */

/* Begin XCConfigurationList section */
		EB36799F2B6AA4720015E5BD /* Build configuration list for PBXProject "ios-task" */ = {
			isa = XCConfigurationList;
			buildConfigurations = (
				EB3679B62B6AA4730015E5BD /* Debug */,
				EB3679B72B6AA4730015E5BD /* Release */,
			);
			defaultConfigurationIsVisible = 0;
			defaultConfigurationName = Release;
		};
		EB3679B82B6AA4730015E5BD /* Build configuration list for PBXNativeTarget "ios-task" */ = {
			isa = XCConfigurationList;
			buildConfigurations = (
				EB3679B92B6AA4730015E5BD /* Debug */,
				EB3679BA2B6AA4730015E5BD /* Release */,
			);
			defaultConfigurationIsVisible = 0;
			defaultConfigurationName = Release;
		};
/* End XCConfigurationList section */
	};
	rootObject = EB36799C2B6AA4720015E5BD /* Project object */;
}
